
Microsoft Visual Studio Solution File, Format Version 12.00
# Visual Studio Version 16
VisualStudioVersion = 16.0.30413.136
MinimumVisualStudioVersion = 10.0.40219.1
Project("{FAE04EC0-301F-11D3-BF4B-00C04F79EFBC}") = "tech project 3b", "tech project 3b.csproj", "{A54FB04F-226D-4517-9BC6-D54EECB34AF3}"
EndProject
Global
	GlobalSection(SolutionConfigurationPlatforms) = preSolution
		Debug|Any CPU = Debug|Any CPU
		Release|Any CPU = Release|Any CPU
	EndGlobalSection
	GlobalSection(ProjectConfigurationPlatforms) = postSolution
		{A54FB04F-226D-4517-9BC6-D54EECB34AF3}.Debug|Any CPU.ActiveCfg = Debug|Any CPU
		{A54FB04F-226D-4517-9BC6-D54EECB34AF3}.Debug|Any CPU.Build.0 = Debug|Any CPU
		{A54FB04F-226D-4517-9BC6-D54EECB34AF3}.Release|Any CPU.ActiveCfg = Release|Any CPU
		{A54FB04F-226D-4517-9BC6-D54EECB34AF3}.Release|Any CPU.Build.0 = Release|Any CPU
	EndGlobalSection
	GlobalSection(SolutionProperties) = preSolution
		HideSolutionNode = FALSE
	EndGlobalSection
	GlobalSection(ExtensibilityGlobals) = postSolution
		SolutionGuid = {3BB47260-A3C4-41D3-8395-26228F584104}
	EndGlobalSection
EndGlobal
